
Microsoft Visual Studio Solution File, Format Version 12.00
# Visual Studio Version 16
VisualStudioVersion = 16.0.30717.126
MinimumVisualStudioVersion = 10.0.40219.1
Project("{8BC9CEB8-8B4A-11D0-8D11-00A0C91BC942}") = "HW_Time", "HW_Time\HW_Time.vcxproj", "{DBE4116E-1546-41E6-8445-42B896E9CC54}"
EndProject
Project("{2150E333-8FDC-42A3-9474-1A3956D46DE8}") = "Solution Items", "Solution Items", "{05727CA0-2056-4B8B-9448-111538C29A12}"
EndProject
Project("{8BC9CEB8-8B4A-11D0-8D11-00A0C91BC942}") = "HW_Matrix", "HW_Matrix\HW_Matrix.vcxproj", "{158AEC36-41E9-49B8-BB60-AD207FDE7588}"
EndProject
Project("{8BC9CEB8-8B4A-11D0-8D11-00A0C91BC942}") = "BlackJak", "BlackJak\BlackJak.vcxproj", "{B85A2C33-5116-401F-AC96-DF38E5E31171}"
EndProject
Project("{8BC9CEB8-8B4A-11D0-8D11-00A0C91BC942}") = "String", "String\String.vcxproj", "{E0546C55-D82D-4FF9-BA79-EA006392AD07}"
EndProject
Project("{8BC9CEB8-8B4A-11D0-8D11-00A0C91BC942}") = "One-armed_bandit", "One-armed_bandit\One-armed_bandit.vcxproj", "{FB9E4A08-52EB-42FA-B4DB-21BD54CC221F}"
EndProject
Project("{8BC9CEB8-8B4A-11D0-8D11-00A0C91BC942}") = "Printer queue", "Printer queue\Printer queue.vcxproj", "{DB32AD8B-8962-4B97-AC18-9A39A902CA80}"
EndProject
Project("{8BC9CEB8-8B4A-11D0-8D11-00A0C91BC942}") = "Drob", "Drob\Drob.vcxproj", "{054C49E0-1692-4ADC-B963-F08BBBEB014C}"
EndProject
Project("{8BC9CEB8-8B4A-11D0-8D11-00A0C91BC942}") = "Drob_2", "Drob_2\Drob_2.vcxproj", "{8D46F74F-AC1D-4A44-9D79-75574F2BAC3B}"
EndProject
Project("{8BC9CEB8-8B4A-11D0-8D11-00A0C91BC942}") = "Flat", "Flat\Flat.vcxproj", "{229DBE44-39D1-4EAB-A4EA-2A4D95D34ABD}"
EndProject
Project("{8BC9CEB8-8B4A-11D0-8D11-00A0C91BC942}") = "Overcoat", "Overcoat\Overcoat.vcxproj", "{7D9D62CC-C2EF-4E33-A9EA-ACD9567F7DB0}"
EndProject
Project("{8BC9CEB8-8B4A-11D0-8D11-00A0C91BC942}") = "String_2", "String_2\String_2.vcxproj", "{E5677965-6579-4136-B18D-00C88F05AAA5}"
EndProject
Project("{8BC9CEB8-8B4A-11D0-8D11-00A0C91BC942}") = "Phone_Book", "Phone_Book\Phone_Book.vcxproj", "{3149429A-539E-459A-8D95-D70C2D24ED8A}"
EndProject
Project("{8BC9CEB8-8B4A-11D0-8D11-00A0C91BC942}") = "SinglyLinkedList", "SinglyLinkedList\SinglyLinkedList.vcxproj", "{411FC4E1-91E6-4F83-98E6-838F1312A043}"
EndProject
Project("{8BC9CEB8-8B4A-11D0-8D11-00A0C91BC942}") = "TemplateQueue", "TemplateQueue\TemplateQueue.vcxproj", "{A18684AA-8771-4ABE-A8EE-105037DFA04B}"
EndProject
Project("{8BC9CEB8-8B4A-11D0-8D11-00A0C91BC942}") = "TemplateArray", "TemplateArray\TemplateArray.vcxproj", "{6835770F-D13C-4E6D-90A6-492E6631E8B0}"
EndProject
Project("{8BC9CEB8-8B4A-11D0-8D11-00A0C91BC942}") = "PhoneBook2", "PhoneBook2\PhoneBook2.vcxproj", "{1457752B-0AE0-4B82-ABE7-BAEA62746DD5}"
EndProject
Project("{8BC9CEB8-8B4A-11D0-8D11-00A0C91BC942}") = "GAI", "GAI\GAI.vcxproj", "{DA4D6036-553D-4704-894D-4214E1B9EDCA}"
EndProject
Project("{8BC9CEB8-8B4A-11D0-8D11-00A0C91BC942}") = "PrimerBinarTree01", "PrimerBinarTree\PrimerBinarTree.vcxproj", "{1DA158CC-B130-4B7F-9090-F4B81FBE4B70}"
EndProject
Project("{8BC9CEB8-8B4A-11D0-8D11-00A0C91BC942}") = "PrimerBinarTree02", "PrimerBinarTree02\PrimerBinarTree02.vcxproj", "{4D4ADF94-E095-4ABF-A008-B8802033C883}"
EndProject
Project("{8BC9CEB8-8B4A-11D0-8D11-00A0C91BC942}") = "PrimerBinarTree03", "PrimerBinarTree03\PrimerBinarTree03.vcxproj", "{B265D358-AAF2-40AE-9C2D-0AE60C9A4369}"
EndProject
Project("{8BC9CEB8-8B4A-11D0-8D11-00A0C91BC942}") = "Primer_Work_whith_files", "Primer_Work_whith_files\Primer_Work_whith_files.vcxproj", "{6E00CBAA-F2A6-4161-BC80-CB9BE6E902E6}"
EndProject
Project("{8BC9CEB8-8B4A-11D0-8D11-00A0C91BC942}") = "Work_vs_files_and_folders", "Work_vs_files_and_folders\Work_vs_files_and_folders.vcxproj", "{DA106268-CA78-423F-AEF9-EED194195789}"
EndProject
Project("{8BC9CEB8-8B4A-11D0-8D11-00A0C91BC942}") = "ArgumComandLine", "ArgumComandLine\ArgumComandLine.vcxproj", "{327CE1B4-BC8D-4A2E-BA8F-F0616728CD1A}"
EndProject
Project("{8BC9CEB8-8B4A-11D0-8D11-00A0C91BC942}") = "FilesPrimerCplusplus", "FilesPrimerCplusplus\FilesPrimerCplusplus.vcxproj", "{91884D57-D048-4041-81ED-1A15F0A19379}"
EndProject
Project("{8BC9CEB8-8B4A-11D0-8D11-00A0C91BC942}") = "PrimerString", "PrimerString\PrimerString.vcxproj", "{4BD238E1-A484-41F8-8BC8-7FC8E4F77D49}"
EndProject
Project("{8BC9CEB8-8B4A-11D0-8D11-00A0C91BC942}") = "HandBook", "HandBook\HandBook.vcxproj", "{07B8991C-D7DC-4241-8715-DB49135E4D06}"
EndProject
Global
	GlobalSection(SolutionConfigurationPlatforms) = preSolution
		Debug|x64 = Debug|x64
		Debug|x86 = Debug|x86
		Release|x64 = Release|x64
		Release|x86 = Release|x86
	EndGlobalSection
	GlobalSection(ProjectConfigurationPlatforms) = postSolution
		{DBE4116E-1546-41E6-8445-42B896E9CC54}.Debug|x64.ActiveCfg = Debug|x64
		{DBE4116E-1546-41E6-8445-42B896E9CC54}.Debug|x64.Build.0 = Debug|x64
		{DBE4116E-1546-41E6-8445-42B896E9CC54}.Debug|x86.ActiveCfg = Debug|Win32
		{DBE4116E-1546-41E6-8445-42B896E9CC54}.Debug|x86.Build.0 = Debug|Win32
		{DBE4116E-1546-41E6-8445-42B896E9CC54}.Release|x64.ActiveCfg = Release|x64
		{DBE4116E-1546-41E6-8445-42B896E9CC54}.Release|x64.Build.0 = Release|x64
		{DBE4116E-1546-41E6-8445-42B896E9CC54}.Release|x86.ActiveCfg = Release|Win32
		{DBE4116E-1546-41E6-8445-42B896E9CC54}.Release|x86.Build.0 = Release|Win32
		{158AEC36-41E9-49B8-BB60-AD207FDE7588}.Debug|x64.ActiveCfg = Debug|x64
		{158AEC36-41E9-49B8-BB60-AD207FDE7588}.Debug|x64.Build.0 = Debug|x64
		{158AEC36-41E9-49B8-BB60-AD207FDE7588}.Debug|x86.ActiveCfg = Debug|Win32
		{158AEC36-41E9-49B8-BB60-AD207FDE7588}.Debug|x86.Build.0 = Debug|Win32
		{158AEC36-41E9-49B8-BB60-AD207FDE7588}.Release|x64.ActiveCfg = Release|x64
		{158AEC36-41E9-49B8-BB60-AD207FDE7588}.Release|x64.Build.0 = Release|x64
		{158AEC36-41E9-49B8-BB60-AD207FDE7588}.Release|x86.ActiveCfg = Release|Win32
		{158AEC36-41E9-49B8-BB60-AD207FDE7588}.Release|x86.Build.0 = Release|Win32
		{B85A2C33-5116-401F-AC96-DF38E5E31171}.Debug|x64.ActiveCfg = Debug|x64
		{B85A2C33-5116-401F-AC96-DF38E5E31171}.Debug|x64.Build.0 = Debug|x64
		{B85A2C33-5116-401F-AC96-DF38E5E31171}.Debug|x86.ActiveCfg = Debug|Win32
		{B85A2C33-5116-401F-AC96-DF38E5E31171}.Debug|x86.Build.0 = Debug|Win32
		{B85A2C33-5116-401F-AC96-DF38E5E31171}.Release|x64.ActiveCfg = Release|x64
		{B85A2C33-5116-401F-AC96-DF38E5E31171}.Release|x64.Build.0 = Release|x64
		{B85A2C33-5116-401F-AC96-DF38E5E31171}.Release|x86.ActiveCfg = Release|Win32
		{B85A2C33-5116-401F-AC96-DF38E5E31171}.Release|x86.Build.0 = Release|Win32
		{E0546C55-D82D-4FF9-BA79-EA006392AD07}.Debug|x64.ActiveCfg = Debug|x64
		{E0546C55-D82D-4FF9-BA79-EA006392AD07}.Debug|x64.Build.0 = Debug|x64
		{E0546C55-D82D-4FF9-BA79-EA006392AD07}.Debug|x86.ActiveCfg = Debug|Win32
		{E0546C55-D82D-4FF9-BA79-EA006392AD07}.Debug|x86.Build.0 = Debug|Win32
		{E0546C55-D82D-4FF9-BA79-EA006392AD07}.Release|x64.ActiveCfg = Release|x64
		{E0546C55-D82D-4FF9-BA79-EA006392AD07}.Release|x64.Build.0 = Release|x64
		{E0546C55-D82D-4FF9-BA79-EA006392AD07}.Release|x86.ActiveCfg = Release|Win32
		{E0546C55-D82D-4FF9-BA79-EA006392AD07}.Release|x86.Build.0 = Release|Win32
		{FB9E4A08-52EB-42FA-B4DB-21BD54CC221F}.Debug|x64.ActiveCfg = Debug|x64
		{FB9E4A08-52EB-42FA-B4DB-21BD54CC221F}.Debug|x64.Build.0 = Debug|x64
		{FB9E4A08-52EB-42FA-B4DB-21BD54CC221F}.Debug|x86.ActiveCfg = Debug|Win32
		{FB9E4A08-52EB-42FA-B4DB-21BD54CC221F}.Debug|x86.Build.0 = Debug|Win32
		{FB9E4A08-52EB-42FA-B4DB-21BD54CC221F}.Release|x64.ActiveCfg = Release|x64
		{FB9E4A08-52EB-42FA-B4DB-21BD54CC221F}.Release|x64.Build.0 = Release|x64
		{FB9E4A08-52EB-42FA-B4DB-21BD54CC221F}.Release|x86.ActiveCfg = Release|Win32
		{FB9E4A08-52EB-42FA-B4DB-21BD54CC221F}.Release|x86.Build.0 = Release|Win32
		{DB32AD8B-8962-4B97-AC18-9A39A902CA80}.Debug|x64.ActiveCfg = Debug|x64
		{DB32AD8B-8962-4B97-AC18-9A39A902CA80}.Debug|x64.Build.0 = Debug|x64
		{DB32AD8B-8962-4B97-AC18-9A39A902CA80}.Debug|x86.ActiveCfg = Debug|Win32
		{DB32AD8B-8962-4B97-AC18-9A39A902CA80}.Debug|x86.Build.0 = Debug|Win32
		{DB32AD8B-8962-4B97-AC18-9A39A902CA80}.Release|x64.ActiveCfg = Release|x64
		{DB32AD8B-8962-4B97-AC18-9A39A902CA80}.Release|x64.Build.0 = Release|x64
		{DB32AD8B-8962-4B97-AC18-9A39A902CA80}.Release|x86.ActiveCfg = Release|Win32
		{DB32AD8B-8962-4B97-AC18-9A39A902CA80}.Release|x86.Build.0 = Release|Win32
		{054C49E0-1692-4ADC-B963-F08BBBEB014C}.Debug|x64.ActiveCfg = Debug|x64
		{054C49E0-1692-4ADC-B963-F08BBBEB014C}.Debug|x64.Build.0 = Debug|x64
		{054C49E0-1692-4ADC-B963-F08BBBEB014C}.Debug|x86.ActiveCfg = Debug|Win32
		{054C49E0-1692-4ADC-B963-F08BBBEB014C}.Debug|x86.Build.0 = Debug|Win32
		{054C49E0-1692-4ADC-B963-F08BBBEB014C}.Release|x64.ActiveCfg = Release|x64
		{054C49E0-1692-4ADC-B963-F08BBBEB014C}.Release|x64.Build.0 = Release|x64
		{054C49E0-1692-4ADC-B963-F08BBBEB014C}.Release|x86.ActiveCfg = Release|Win32
		{054C49E0-1692-4ADC-B963-F08BBBEB014C}.Release|x86.Build.0 = Release|Win32
		{8D46F74F-AC1D-4A44-9D79-75574F2BAC3B}.Debug|x64.ActiveCfg = Debug|x64
		{8D46F74F-AC1D-4A44-9D79-75574F2BAC3B}.Debug|x64.Build.0 = Debug|x64
		{8D46F74F-AC1D-4A44-9D79-75574F2BAC3B}.Debug|x86.ActiveCfg = Debug|Win32
		{8D46F74F-AC1D-4A44-9D79-75574F2BAC3B}.Debug|x86.Build.0 = Debug|Win32
		{8D46F74F-AC1D-4A44-9D79-75574F2BAC3B}.Release|x64.ActiveCfg = Release|x64
		{8D46F74F-AC1D-4A44-9D79-75574F2BAC3B}.Release|x64.Build.0 = Release|x64
		{8D46F74F-AC1D-4A44-9D79-75574F2BAC3B}.Release|x86.ActiveCfg = Release|Win32
		{8D46F74F-AC1D-4A44-9D79-75574F2BAC3B}.Release|x86.Build.0 = Release|Win32
		{229DBE44-39D1-4EAB-A4EA-2A4D95D34ABD}.Debug|x64.ActiveCfg = Debug|x64
		{229DBE44-39D1-4EAB-A4EA-2A4D95D34ABD}.Debug|x64.Build.0 = Debug|x64
		{229DBE44-39D1-4EAB-A4EA-2A4D95D34ABD}.Debug|x86.ActiveCfg = Debug|Win32
		{229DBE44-39D1-4EAB-A4EA-2A4D95D34ABD}.Debug|x86.Build.0 = Debug|Win32
		{229DBE44-39D1-4EAB-A4EA-2A4D95D34ABD}.Release|x64.ActiveCfg = Release|x64
		{229DBE44-39D1-4EAB-A4EA-2A4D95D34ABD}.Release|x64.Build.0 = Release|x64
		{229DBE44-39D1-4EAB-A4EA-2A4D95D34ABD}.Release|x86.ActiveCfg = Release|Win32
		{229DBE44-39D1-4EAB-A4EA-2A4D95D34ABD}.Release|x86.Build.0 = Release|Win32
		{7D9D62CC-C2EF-4E33-A9EA-ACD9567F7DB0}.Debug|x64.ActiveCfg = Debug|x64
		{7D9D62CC-C2EF-4E33-A9EA-ACD9567F7DB0}.Debug|x64.Build.0 = Debug|x64
		{7D9D62CC-C2EF-4E33-A9EA-ACD9567F7DB0}.Debug|x86.ActiveCfg = Debug|Win32
		{7D9D62CC-C2EF-4E33-A9EA-ACD9567F7DB0}.Debug|x86.Build.0 = Debug|Win32
		{7D9D62CC-C2EF-4E33-A9EA-ACD9567F7DB0}.Release|x64.ActiveCfg = Release|x64
		{7D9D62CC-C2EF-4E33-A9EA-ACD9567F7DB0}.Release|x64.Build.0 = Release|x64
		{7D9D62CC-C2EF-4E33-A9EA-ACD9567F7DB0}.Release|x86.ActiveCfg = Release|Win32
		{7D9D62CC-C2EF-4E33-A9EA-ACD9567F7DB0}.Release|x86.Build.0 = Release|Win32
		{E5677965-6579-4136-B18D-00C88F05AAA5}.Debug|x64.ActiveCfg = Debug|x64
		{E5677965-6579-4136-B18D-00C88F05AAA5}.Debug|x64.Build.0 = Debug|x64
		{E5677965-6579-4136-B18D-00C88F05AAA5}.Debug|x86.ActiveCfg = Debug|Win32
		{E5677965-6579-4136-B18D-00C88F05AAA5}.Debug|x86.Build.0 = Debug|Win32
		{E5677965-6579-4136-B18D-00C88F05AAA5}.Release|x64.ActiveCfg = Release|x64
		{E5677965-6579-4136-B18D-00C88F05AAA5}.Release|x64.Build.0 = Release|x64
		{E5677965-6579-4136-B18D-00C88F05AAA5}.Release|x86.ActiveCfg = Release|Win32
		{E5677965-6579-4136-B18D-00C88F05AAA5}.Release|x86.Build.0 = Release|Win32
		{3149429A-539E-459A-8D95-D70C2D24ED8A}.Debug|x64.ActiveCfg = Debug|x64
		{3149429A-539E-459A-8D95-D70C2D24ED8A}.Debug|x64.Build.0 = Debug|x64
		{3149429A-539E-459A-8D95-D70C2D24ED8A}.Debug|x86.ActiveCfg = Debug|Win32
		{3149429A-539E-459A-8D95-D70C2D24ED8A}.Debug|x86.Build.0 = Debug|Win32
		{3149429A-539E-459A-8D95-D70C2D24ED8A}.Release|x64.ActiveCfg = Release|x64
		{3149429A-539E-459A-8D95-D70C2D24ED8A}.Release|x64.Build.0 = Release|x64
		{3149429A-539E-459A-8D95-D70C2D24ED8A}.Release|x86.ActiveCfg = Release|Win32
		{3149429A-539E-459A-8D95-D70C2D24ED8A}.Release|x86.Build.0 = Release|Win32
		{411FC4E1-91E6-4F83-98E6-838F1312A043}.Debug|x64.ActiveCfg = Debug|x64
		{411FC4E1-91E6-4F83-98E6-838F1312A043}.Debug|x64.Build.0 = Debug|x64
		{411FC4E1-91E6-4F83-98E6-838F1312A043}.Debug|x86.ActiveCfg = Debug|Win32
		{411FC4E1-91E6-4F83-98E6-838F1312A043}.Debug|x86.Build.0 = Debug|Win32
		{411FC4E1-91E6-4F83-98E6-838F1312A043}.Release|x64.ActiveCfg = Release|x64
		{411FC4E1-91E6-4F83-98E6-838F1312A043}.Release|x64.Build.0 = Release|x64
		{411FC4E1-91E6-4F83-98E6-838F1312A043}.Release|x86.ActiveCfg = Release|Win32
		{411FC4E1-91E6-4F83-98E6-838F1312A043}.Release|x86.Build.0 = Release|Win32
		{A18684AA-8771-4ABE-A8EE-105037DFA04B}.Debug|x64.ActiveCfg = Debug|x64
		{A18684AA-8771-4ABE-A8EE-105037DFA04B}.Debug|x64.Build.0 = Debug|x64
		{A18684AA-8771-4ABE-A8EE-105037DFA04B}.Debug|x86.ActiveCfg = Debug|Win32
		{A18684AA-8771-4ABE-A8EE-105037DFA04B}.Debug|x86.Build.0 = Debug|Win32
		{A18684AA-8771-4ABE-A8EE-105037DFA04B}.Release|x64.ActiveCfg = Release|x64
		{A18684AA-8771-4ABE-A8EE-105037DFA04B}.Release|x64.Build.0 = Release|x64
		{A18684AA-8771-4ABE-A8EE-105037DFA04B}.Release|x86.ActiveCfg = Release|Win32
		{A18684AA-8771-4ABE-A8EE-105037DFA04B}.Release|x86.Build.0 = Release|Win32
		{6835770F-D13C-4E6D-90A6-492E6631E8B0}.Debug|x64.ActiveCfg = Debug|x64
		{6835770F-D13C-4E6D-90A6-492E6631E8B0}.Debug|x64.Build.0 = Debug|x64
		{6835770F-D13C-4E6D-90A6-492E6631E8B0}.Debug|x86.ActiveCfg = Debug|Win32
		{6835770F-D13C-4E6D-90A6-492E6631E8B0}.Debug|x86.Build.0 = Debug|Win32
		{6835770F-D13C-4E6D-90A6-492E6631E8B0}.Release|x64.ActiveCfg = Release|x64
		{6835770F-D13C-4E6D-90A6-492E6631E8B0}.Release|x64.Build.0 = Release|x64
		{6835770F-D13C-4E6D-90A6-492E6631E8B0}.Release|x86.ActiveCfg = Release|Win32
		{6835770F-D13C-4E6D-90A6-492E6631E8B0}.Release|x86.Build.0 = Release|Win32
		{1457752B-0AE0-4B82-ABE7-BAEA62746DD5}.Debug|x64.ActiveCfg = Debug|x64
		{1457752B-0AE0-4B82-ABE7-BAEA62746DD5}.Debug|x64.Build.0 = Debug|x64
		{1457752B-0AE0-4B82-ABE7-BAEA62746DD5}.Debug|x86.ActiveCfg = Debug|Win32
		{1457752B-0AE0-4B82-ABE7-BAEA62746DD5}.Debug|x86.Build.0 = Debug|Win32
		{1457752B-0AE0-4B82-ABE7-BAEA62746DD5}.Release|x64.ActiveCfg = Release|x64
		{1457752B-0AE0-4B82-ABE7-BAEA62746DD5}.Release|x64.Build.0 = Release|x64
		{1457752B-0AE0-4B82-ABE7-BAEA62746DD5}.Release|x86.ActiveCfg = Release|Win32
		{1457752B-0AE0-4B82-ABE7-BAEA62746DD5}.Release|x86.Build.0 = Release|Win32
		{DA4D6036-553D-4704-894D-4214E1B9EDCA}.Debug|x64.ActiveCfg = Debug|x64
		{DA4D6036-553D-4704-894D-4214E1B9EDCA}.Debug|x64.Build.0 = Debug|x64
		{DA4D6036-553D-4704-894D-4214E1B9EDCA}.Debug|x86.ActiveCfg = Debug|Win32
		{DA4D6036-553D-4704-894D-4214E1B9EDCA}.Debug|x86.Build.0 = Debug|Win32
		{DA4D6036-553D-4704-894D-4214E1B9EDCA}.Release|x64.ActiveCfg = Release|x64
		{DA4D6036-553D-4704-894D-4214E1B9EDCA}.Release|x64.Build.0 = Release|x64
		{DA4D6036-553D-4704-894D-4214E1B9EDCA}.Release|x86.ActiveCfg = Release|Win32
		{DA4D6036-553D-4704-894D-4214E1B9EDCA}.Release|x86.Build.0 = Release|Win32
		{1DA158CC-B130-4B7F-9090-F4B81FBE4B70}.Debug|x64.ActiveCfg = Debug|x64
		{1DA158CC-B130-4B7F-9090-F4B81FBE4B70}.Debug|x64.Build.0 = Debug|x64
		{1DA158CC-B130-4B7F-9090-F4B81FBE4B70}.Debug|x86.ActiveCfg = Debug|Win32
		{1DA158CC-B130-4B7F-9090-F4B81FBE4B70}.Debug|x86.Build.0 = Debug|Win32
		{1DA158CC-B130-4B7F-9090-F4B81FBE4B70}.Release|x64.ActiveCfg = Release|x64
		{1DA158CC-B130-4B7F-9090-F4B81FBE4B70}.Release|x64.Build.0 = Release|x64
		{1DA158CC-B130-4B7F-9090-F4B81FBE4B70}.Release|x86.ActiveCfg = Release|Win32
		{1DA158CC-B130-4B7F-9090-F4B81FBE4B70}.Release|x86.Build.0 = Release|Win32
		{4D4ADF94-E095-4ABF-A008-B8802033C883}.Debug|x64.ActiveCfg = Debug|x64
		{4D4ADF94-E095-4ABF-A008-B8802033C883}.Debug|x64.Build.0 = Debug|x64
		{4D4ADF94-E095-4ABF-A008-B8802033C883}.Debug|x86.ActiveCfg = Debug|Win32
		{4D4ADF94-E095-4ABF-A008-B8802033C883}.Debug|x86.Build.0 = Debug|Win32
		{4D4ADF94-E095-4ABF-A008-B8802033C883}.Release|x64.ActiveCfg = Release|x64
		{4D4ADF94-E095-4ABF-A008-B8802033C883}.Release|x64.Build.0 = Release|x64
		{4D4ADF94-E095-4ABF-A008-B8802033C883}.Release|x86.ActiveCfg = Release|Win32
		{4D4ADF94-E095-4ABF-A008-B8802033C883}.Release|x86.Build.0 = Release|Win32
		{B265D358-AAF2-40AE-9C2D-0AE60C9A4369}.Debug|x64.ActiveCfg = Debug|x64
		{B265D358-AAF2-40AE-9C2D-0AE60C9A4369}.Debug|x64.Build.0 = Debug|x64
		{B265D358-AAF2-40AE-9C2D-0AE60C9A4369}.Debug|x86.ActiveCfg = Debug|Win32
		{B265D358-AAF2-40AE-9C2D-0AE60C9A4369}.Debug|x86.Build.0 = Debug|Win32
		{B265D358-AAF2-40AE-9C2D-0AE60C9A4369}.Release|x64.ActiveCfg = Release|x64
		{B265D358-AAF2-40AE-9C2D-0AE60C9A4369}.Release|x64.Build.0 = Release|x64
		{B265D358-AAF2-40AE-9C2D-0AE60C9A4369}.Release|x86.ActiveCfg = Release|Win32
		{B265D358-AAF2-40AE-9C2D-0AE60C9A4369}.Release|x86.Build.0 = Release|Win32
		{6E00CBAA-F2A6-4161-BC80-CB9BE6E902E6}.Debug|x64.ActiveCfg = Debug|x64
		{6E00CBAA-F2A6-4161-BC80-CB9BE6E902E6}.Debug|x64.Build.0 = Debug|x64
		{6E00CBAA-F2A6-4161-BC80-CB9BE6E902E6}.Debug|x86.ActiveCfg = Debug|Win32
		{6E00CBAA-F2A6-4161-BC80-CB9BE6E902E6}.Debug|x86.Build.0 = Debug|Win32
		{6E00CBAA-F2A6-4161-BC80-CB9BE6E902E6}.Release|x64.ActiveCfg = Release|x64
		{6E00CBAA-F2A6-4161-BC80-CB9BE6E902E6}.Release|x64.Build.0 = Release|x64
		{6E00CBAA-F2A6-4161-BC80-CB9BE6E902E6}.Release|x86.ActiveCfg = Release|Win32
		{6E00CBAA-F2A6-4161-BC80-CB9BE6E902E6}.Release|x86.Build.0 = Release|Win32
		{DA106268-CA78-423F-AEF9-EED194195789}.Debug|x64.ActiveCfg = Debug|x64
		{DA106268-CA78-423F-AEF9-EED194195789}.Debug|x64.Build.0 = Debug|x64
		{DA106268-CA78-423F-AEF9-EED194195789}.Debug|x86.ActiveCfg = Debug|Win32
		{DA106268-CA78-423F-AEF9-EED194195789}.Debug|x86.Build.0 = Debug|Win32
		{DA106268-CA78-423F-AEF9-EED194195789}.Release|x64.ActiveCfg = Release|x64
		{DA106268-CA78-423F-AEF9-EED194195789}.Release|x64.Build.0 = Release|x64
		{DA106268-CA78-423F-AEF9-EED194195789}.Release|x86.ActiveCfg = Release|Win32
		{DA106268-CA78-423F-AEF9-EED194195789}.Release|x86.Build.0 = Release|Win32
		{327CE1B4-BC8D-4A2E-BA8F-F0616728CD1A}.Debug|x64.ActiveCfg = Debug|x64
		{327CE1B4-BC8D-4A2E-BA8F-F0616728CD1A}.Debug|x64.Build.0 = Debug|x64
		{327CE1B4-BC8D-4A2E-BA8F-F0616728CD1A}.Debug|x86.ActiveCfg = Debug|Win32
		{327CE1B4-BC8D-4A2E-BA8F-F0616728CD1A}.Debug|x86.Build.0 = Debug|Win32
		{327CE1B4-BC8D-4A2E-BA8F-F0616728CD1A}.Release|x64.ActiveCfg = Release|x64
		{327CE1B4-BC8D-4A2E-BA8F-F0616728CD1A}.Release|x64.Build.0 = Release|x64
		{327CE1B4-BC8D-4A2E-BA8F-F0616728CD1A}.Release|x86.ActiveCfg = Release|Win32
		{327CE1B4-BC8D-4A2E-BA8F-F0616728CD1A}.Release|x86.Build.0 = Release|Win32
		{91884D57-D048-4041-81ED-1A15F0A19379}.Debug|x64.ActiveCfg = Debug|x64
		{91884D57-D048-4041-81ED-1A15F0A19379}.Debug|x64.Build.0 = Debug|x64
		{91884D57-D048-4041-81ED-1A15F0A19379}.Debug|x86.ActiveCfg = Debug|Win32
		{91884D57-D048-4041-81ED-1A15F0A19379}.Debug|x86.Build.0 = Debug|Win32
		{91884D57-D048-4041-81ED-1A15F0A19379}.Release|x64.ActiveCfg = Release|x64
		{91884D57-D048-4041-81ED-1A15F0A19379}.Release|x64.Build.0 = Release|x64
		{91884D57-D048-4041-81ED-1A15F0A19379}.Release|x86.ActiveCfg = Release|Win32
		{91884D57-D048-4041-81ED-1A15F0A19379}.Release|x86.Build.0 = Release|Win32
		{4BD238E1-A484-41F8-8BC8-7FC8E4F77D49}.Debug|x64.ActiveCfg = Debug|x64
		{4BD238E1-A484-41F8-8BC8-7FC8E4F77D49}.Debug|x64.Build.0 = Debug|x64
		{4BD238E1-A484-41F8-8BC8-7FC8E4F77D49}.Debug|x86.ActiveCfg = Debug|Win32
		{4BD238E1-A484-41F8-8BC8-7FC8E4F77D49}.Debug|x86.Build.0 = Debug|Win32
		{4BD238E1-A484-41F8-8BC8-7FC8E4F77D49}.Release|x64.ActiveCfg = Release|x64
		{4BD238E1-A484-41F8-8BC8-7FC8E4F77D49}.Release|x64.Build.0 = Release|x64
		{4BD238E1-A484-41F8-8BC8-7FC8E4F77D49}.Release|x86.ActiveCfg = Release|Win32
		{4BD238E1-A484-41F8-8BC8-7FC8E4F77D49}.Release|x86.Build.0 = Release|Win32
		{07B8991C-D7DC-4241-8715-DB49135E4D06}.Debug|x64.ActiveCfg = Debug|x64
		{07B8991C-D7DC-4241-8715-DB49135E4D06}.Debug|x64.Build.0 = Debug|x64
		{07B8991C-D7DC-4241-8715-DB49135E4D06}.Debug|x86.ActiveCfg = Debug|Win32
		{07B8991C-D7DC-4241-8715-DB49135E4D06}.Debug|x86.Build.0 = Debug|Win32
		{07B8991C-D7DC-4241-8715-DB49135E4D06}.Release|x64.ActiveCfg = Release|x64
		{07B8991C-D7DC-4241-8715-DB49135E4D06}.Release|x64.Build.0 = Release|x64
		{07B8991C-D7DC-4241-8715-DB49135E4D06}.Release|x86.ActiveCfg = Release|Win32
		{07B8991C-D7DC-4241-8715-DB49135E4D06}.Release|x86.Build.0 = Release|Win32
	EndGlobalSection
	GlobalSection(SolutionProperties) = preSolution
		HideSolutionNode = FALSE
	EndGlobalSection
	GlobalSection(ExtensibilityGlobals) = postSolution
		SolutionGuid = {26323C4B-1A79-4372-B866-8B252D8652BA}
	EndGlobalSection
EndGlobal
